
Microsoft Visual Studio Solution File, Format Version 12.00
# Visual Studio Version 16
VisualStudioVersion = 16.0.30717.126
MinimumVisualStudioVersion = 10.0.40219.1
Project("{FAE04EC0-301F-11D3-BF4B-00C04F79EFBC}") = "ThreeSumProblem", "ThreeSumProblem\ThreeSumProblem.csproj", "{771BBC74-BECF-4218-8CCA-3EA8239EC1BC}"
EndProject
Global
	GlobalSection(SolutionConfigurationPlatforms) = preSolution
		Debug|Any CPU = Debug|Any CPU
		Release|Any CPU = Release|Any CPU
	EndGlobalSection
	GlobalSection(ProjectConfigurationPlatforms) = postSolution
		{771BBC74-BECF-4218-8CCA-3EA8239EC1BC}.Debug|Any CPU.ActiveCfg = Debug|Any CPU
		{771BBC74-BECF-4218-8CCA-3EA8239EC1BC}.Debug|Any CPU.Build.0 = Debug|Any CPU
		{771BBC74-BECF-4218-8CCA-3EA8239EC1BC}.Release|Any CPU.ActiveCfg = Release|Any CPU
		{771BBC74-BECF-4218-8CCA-3EA8239EC1BC}.Release|Any CPU.Build.0 = Release|Any CPU
	EndGlobalSection
	GlobalSection(SolutionProperties) = preSolution
		HideSolutionNode = FALSE
	EndGlobalSection
	GlobalSection(ExtensibilityGlobals) = postSolution
		SolutionGuid = {D4E7AB8A-14C2-4481-B33A-25464B874A17}
	EndGlobalSection
EndGlobal
